// !$*UTF8*$!
{
	archiveVersion = 1;
	classes = {
	};
	objectVersion = 51;
	objects = {

/* Begin PBXBuildFile section */
		8D54B843CB6FB60C1F04A363 /* Pods_KinoScope.framework in Frameworks */ = {isa = PBXBuildFile; fileRef = 0E08DBBB7ED63CEA5716E374 /* Pods_KinoScope.framework */; };
		B540E47E23FC166900743EB9 /* AppDelegate.swift in Sources */ = {isa = PBXBuildFile; fileRef = B540E47D23FC166900743EB9 /* AppDelegate.swift */; };
		B540E48023FC166900743EB9 /* SceneDelegate.swift in Sources */ = {isa = PBXBuildFile; fileRef = B540E47F23FC166900743EB9 /* SceneDelegate.swift */; };
		B540E48223FC166900743EB9 /* ContentView.swift in Sources */ = {isa = PBXBuildFile; fileRef = B540E48123FC166900743EB9 /* ContentView.swift */; };
		B540E48423FC166B00743EB9 /* Assets.xcassets in Resources */ = {isa = PBXBuildFile; fileRef = B540E48323FC166B00743EB9 /* Assets.xcassets */; };
		B540E48723FC166B00743EB9 /* Preview Assets.xcassets in Resources */ = {isa = PBXBuildFile; fileRef = B540E48623FC166B00743EB9 /* Preview Assets.xcassets */; };
		B540E48A23FC166B00743EB9 /* LaunchScreen.storyboard in Resources */ = {isa = PBXBuildFile; fileRef = B540E48823FC166B00743EB9 /* LaunchScreen.storyboard */; };
/* End PBXBuildFile section */

/* Begin PBXFileReference section */
		0AD708BE455A37F6F40294E8 /* Pods-KinoScope.debug.xcconfig */ = {isa = PBXFileReference; includeInIndex = 1; lastKnownFileType = text.xcconfig; name = "Pods-KinoScope.debug.xcconfig"; path = "Target Support Files/Pods-KinoScope/Pods-KinoScope.debug.xcconfig"; sourceTree = "<group>"; };
		0E08DBBB7ED63CEA5716E374 /* Pods_KinoScope.framework */ = {isa = PBXFileReference; explicitFileType = wrapper.framework; includeInIndex = 0; path = Pods_KinoScope.framework; sourceTree = BUILT_PRODUCTS_DIR; };
		B540E47A23FC166900743EB9 /* KinoScope.app */ = {isa = PBXFileReference; explicitFileType = wrapper.application; includeInIndex = 0; path = KinoScope.app; sourceTree = BUILT_PRODUCTS_DIR; };
		B540E47D23FC166900743EB9 /* AppDelegate.swift */ = {isa = PBXFileReference; lastKnownFileType = sourcecode.swift; path = AppDelegate.swift; sourceTree = "<group>"; };
		B540E47F23FC166900743EB9 /* SceneDelegate.swift */ = {isa = PBXFileReference; lastKnownFileType = sourcecode.swift; path = SceneDelegate.swift; sourceTree = "<group>"; };
		B540E48123FC166900743EB9 /* ContentView.swift */ = {isa = PBXFileReference; lastKnownFileType = sourcecode.swift; path = ContentView.swift; sourceTree = "<group>"; };
		B540E48323FC166B00743EB9 /* Assets.xcassets */ = {isa = PBXFileReference; lastKnownFileType = folder.assetcatalog; path = Assets.xcassets; sourceTree = "<group>"; };
		B540E48623FC166B00743EB9 /* Preview Assets.xcassets */ = {isa = PBXFileReference; lastKnownFileType = folder.assetcatalog; path = "Preview Assets.xcassets"; sourceTree = "<group>"; };
		B540E48923FC166B00743EB9 /* Base */ = {isa = PBXFileReference; lastKnownFileType = file.storyboard; name = Base; path = Base.lproj/LaunchScreen.storyboard; sourceTree = "<group>"; };
		B540E48B23FC166B00743EB9 /* Info.plist */ = {isa = PBXFileReference; lastKnownFileType = text.plist.xml; path = Info.plist; sourceTree = "<group>"; };
		B540E49523FC18D600743EB9 /* userDB2.json */ = {isa = PBXFileReference; lastKnownFileType = text.json; path = userDB2.json; sourceTree = "<group>"; };
		B965995DC6384D3D03B2B785 /* Pods-KinoScope.release.xcconfig */ = {isa = PBXFileReference; includeInIndex = 1; lastKnownFileType = text.xcconfig; name = "Pods-KinoScope.release.xcconfig"; path = "Target Support Files/Pods-KinoScope/Pods-KinoScope.release.xcconfig"; sourceTree = "<group>"; };
/* End PBXFileReference section */

/* Begin PBXFrameworksBuildPhase section */
		B540E47723FC166900743EB9 /* Frameworks */ = {
			isa = PBXFrameworksBuildPhase;
			buildActionMask = 2147483647;
			files = (
				8D54B843CB6FB60C1F04A363 /* Pods_KinoScope.framework in Frameworks */,
			);
			runOnlyForDeploymentPostprocessing = 0;
		};
/* End PBXFrameworksBuildPhase section */

/* Begin PBXGroup section */
		4AE3B9BEFBACF25505F149BA /* Pods */ = {
			isa = PBXGroup;
			children = (
				0AD708BE455A37F6F40294E8 /* Pods-KinoScope.debug.xcconfig */,
				B965995DC6384D3D03B2B785 /* Pods-KinoScope.release.xcconfig */,
			);
			path = Pods;
			sourceTree = "<group>";
		};
		96AF1148D90C82C239608F90 /* Frameworks */ = {
			isa = PBXGroup;
			children = (
				0E08DBBB7ED63CEA5716E374 /* Pods_KinoScope.framework */,
			);
			name = Frameworks;
			sourceTree = "<group>";
		};
		B540E47123FC166900743EB9 = {
			isa = PBXGroup;
			children = (
				B540E47C23FC166900743EB9 /* KinoScope */,
				B540E47B23FC166900743EB9 /* Products */,
				4AE3B9BEFBACF25505F149BA /* Pods */,
				96AF1148D90C82C239608F90 /* Frameworks */,
			);
			sourceTree = "<group>";
		};
		B540E47B23FC166900743EB9 /* Products */ = {
			isa = PBXGroup;
			children = (
				B540E47A23FC166900743EB9 /* KinoScope.app */,
			);
			name = Products;
			sourceTree = "<group>";
		};
		B540E47C23FC166900743EB9 /* KinoScope */ = {
			isa = PBXGroup;
			children = (
				B540E47D23FC166900743EB9 /* AppDelegate.swift */,
				B540E47F23FC166900743EB9 /* SceneDelegate.swift */,
				B540E49323FC18AB00743EB9 /* Model */,
				B540E49423FC18B900743EB9 /* Views */,
				B540E48323FC166B00743EB9 /* Assets.xcassets */,
				B540E48823FC166B00743EB9 /* LaunchScreen.storyboard */,
				B540E48B23FC166B00743EB9 /* Info.plist */,
				B540E48523FC166B00743EB9 /* Preview Content */,
			);
			path = KinoScope;
			sourceTree = "<group>";
		};
		B540E48523FC166B00743EB9 /* Preview Content */ = {
			isa = PBXGroup;
			children = (
				B540E48623FC166B00743EB9 /* Preview Assets.xcassets */,
			);
			path = "Preview Content";
			sourceTree = "<group>";
		};
		B540E49323FC18AB00743EB9 /* Model */ = {
			isa = PBXGroup;
			children = (
				B540E49523FC18D600743EB9 /* userDB2.json */,
			);
			path = Model;
			sourceTree = "<group>";
		};
		B540E49423FC18B900743EB9 /* Views */ = {
			isa = PBXGroup;
			children = (
				B540E48123FC166900743EB9 /* ContentView.swift */,
			);
			path = Views;
			sourceTree = "<group>";
		};
/* End PBXGroup section */

/* Begin PBXNativeTarget section */
		B540E47923FC166900743EB9 /* KinoScope */ = {
			isa = PBXNativeTarget;
			buildConfigurationList = B540E48E23FC166B00743EB9 /* Build configuration list for PBXNativeTarget "KinoScope" */;
			buildPhases = (
				99D02153E206A05B32463083 /* [CP] Check Pods Manifest.lock */,
				B540E47623FC166900743EB9 /* Sources */,
				B540E47723FC166900743EB9 /* Frameworks */,
				B540E47823FC166900743EB9 /* Resources */,
				E174A59428860BCB1FBDEE17 /* [CP] Embed Pods Frameworks */,
			);
			buildRules = (
			);
			dependencies = (
			);
			name = KinoScope;
			productName = KinoScope;
			productReference = B540E47A23FC166900743EB9 /* KinoScope.app */;
			productType = "com.apple.product-type.application";
		};
/* End PBXNativeTarget section */

/* Begin PBXProject section */
		B540E47223FC166900743EB9 /* Project object */ = {
			isa = PBXProject;
			attributes = {
				LastSwiftUpdateCheck = 1130;
				LastUpgradeCheck = 1130;
				ORGANIZATIONNAME = "jose francisco morales";
				TargetAttributes = {
					B540E47923FC166900743EB9 = {
						CreatedOnToolsVersion = 11.3.1;
					};
				};
			};
			buildConfigurationList = B540E47523FC166900743EB9 /* Build configuration list for PBXProject "KinoScope" */;
			compatibilityVersion = "Xcode 9.3";
			developmentRegion = en;
			hasScannedForEncodings = 0;
			knownRegions = (
				en,
				Base,
			);
			mainGroup = B540E47123FC166900743EB9;
			productRefGroup = B540E47B23FC166900743EB9 /* Products */;
			projectDirPath = "";
			projectRoot = "";
			targets = (
				B540E47923FC166900743EB9 /* KinoScope */,
			);
		};
/* End PBXProject section */

/* Begin PBXResourcesBuildPhase section */
		B540E47823FC166900743EB9 /* Resources */ = {
			isa = PBXResourcesBuildPhase;
			buildActionMask = 2147483647;
			files = (
				B540E48A23FC166B00743EB9 /* LaunchScreen.storyboard in Resources */,
				B540E48723FC166B00743EB9 /* Preview Assets.xcassets in Resources */,
				B540E48423FC166B00743EB9 /* Assets.xcassets in Resources */,
			);
			runOnlyForDeploymentPostprocessing = 0;
		};
/* End PBXResourcesBuildPhase section */

/* Begin PBXShellScriptBuildPhase section */
		99D02153E206A05B32463083 /* [CP] Check Pods Manifest.lock */ = {
			isa = PBXShellScriptBuildPhase;
			buildActionMask = 2147483647;
			files = (
			);
			inputFileListPaths = (
			);
			inputPaths = (
				"${PODS_PODFILE_DIR_PATH}/Podfile.lock",
				"${PODS_ROOT}/Manifest.lock",
			);
			name = "[CP] Check Pods Manifest.lock";
			outputFileListPaths = (
			);
			outputPaths = (
				"$(DERIVED_FILE_DIR)/Pods-KinoScope-checkManifestLockResult.txt",
			);
			runOnlyForDeploymentPostprocessing = 0;
			shellPath = /bin/sh;
			shellScript = "diff \"${PODS_PODFILE_DIR_PATH}/Podfile.lock\" \"${PODS_ROOT}/Manifest.lock\" > /dev/null\nif [ $? != 0 ] ; then\n    # print error to STDERR\n    echo \"error: The sandbox is not in sync with the Podfile.lock. Run 'pod install' or update your CocoaPods installation.\" >&2\n    exit 1\nfi\n# This output is used by Xcode 'outputs' to avoid re-running this script phase.\necho \"SUCCESS\" > \"${SCRIPT_OUTPUT_FILE_0}\"\n";
			showEnvVarsInLog = 0;
		};
		E174A59428860BCB1FBDEE17 /* [CP] Embed Pods Frameworks */ = {
			isa = PBXShellScriptBuildPhase;
			buildActionMask = 2147483647;
			files = (
			);
			inputFileListPaths = (
				"${PODS_ROOT}/Target Support Files/Pods-KinoScope/Pods-KinoScope-frameworks-${CONFIGURATION}-input-files.xcfilelist",
			);
			name = "[CP] Embed Pods Frameworks";
			outputFileListPaths = (
				"${PODS_ROOT}/Target Support Files/Pods-KinoScope/Pods-KinoScope-frameworks-${CONFIGURATION}-output-files.xcfilelist",
			);
			runOnlyForDeploymentPostprocessing = 0;
			shellPath = /bin/sh;
			shellScript = "\"${PODS_ROOT}/Target Support Files/Pods-KinoScope/Pods-KinoScope-frameworks.sh\"\n";
			showEnvVarsInLog = 0;
		};
/* End PBXShellScriptBuildPhase section */

/* Begin PBXSourcesBuildPhase section */
		B540E47623FC166900743EB9 /* Sources */ = {
			isa = PBXSourcesBuildPhase;
			buildActionMask = 2147483647;
			files = (
				B540E47E23FC166900743EB9 /* AppDelegate.swift in Sources */,
				B540E48023FC166900743EB9 /* SceneDelegate.swift in Sources */,
				B540E48223FC166900743EB9 /* ContentView.swift in Sources */,
			);
			runOnlyForDeploymentPostprocessing = 0;
		};
/* End PBXSourcesBuildPhase section */

/* Begin PBXVariantGroup section */
		B540E48823FC166B00743EB9 /* LaunchScreen.storyboard */ = {
			isa = PBXVariantGroup;
			children = (
				B540E48923FC166B00743EB9 /* Base */,
			);
			name = LaunchScreen.storyboard;
			sourceTree = "<group>";
		};
/* End PBXVariantGroup section */

/* Begin XCBuildConfiguration section */
		B540E48C23FC166B00743EB9 /* Debug */ = {
			isa = XCBuildConfiguration;
			buildSettings = {
				ALWAYS_SEARCH_USER_PATHS = NO;
				CLANG_ANALYZER_NONNULL = YES;
				CLANG_ANALYZER_NUMBER_OBJECT_CONVERSION = YES_AGGRESSIVE;
				CLANG_CXX_LANGUAGE_STANDARD = "gnu++14";
				CLANG_CXX_LIBRARY = "libc++";
				CLANG_ENABLE_MODULES = YES;
				CLANG_ENABLE_OBJC_ARC = YES;
				CLANG_ENABLE_OBJC_WEAK = YES;
				CLANG_WARN_BLOCK_CAPTURE_AUTORELEASING = YES;
				CLANG_WARN_BOOL_CONVERSION = YES;
				CLANG_WARN_COMMA = YES;
				CLANG_WARN_CONSTANT_CONVERSION = YES;
				CLANG_WARN_DEPRECATED_OBJC_IMPLEMENTATIONS = YES;
				CLANG_WARN_DIRECT_OBJC_ISA_USAGE = YES_ERROR;
				CLANG_WARN_DOCUMENTATION_COMMENTS = YES;
				CLANG_WARN_EMPTY_BODY = YES;
				CLANG_WARN_ENUM_CONVERSION = YES;
				CLANG_WARN_INFINITE_RECURSION = YES;
				CLANG_WARN_INT_CONVERSION = YES;
				CLANG_WARN_NON_LITERAL_NULL_CONVERSION = YES;
				CLANG_WARN_OBJC_IMPLICIT_RETAIN_SELF = YES;
				CLANG_WARN_OBJC_LITERAL_CONVERSION = YES;
				CLANG_WARN_OBJC_ROOT_CLASS = YES_ERROR;
				CLANG_WARN_RANGE_LOOP_ANALYSIS = YES;
				CLANG_WARN_STRICT_PROTOTYPES = YES;
				CLANG_WARN_SUSPICIOUS_MOVE = YES;
				CLANG_WARN_UNGUARDED_AVAILABILITY = YES_AGGRESSIVE;
				CLANG_WARN_UNREACHABLE_CODE = YES;
				CLANG_WARN__DUPLICATE_METHOD_MATCH = YES;
				COPY_PHASE_STRIP = NO;
				DEBUG_INFORMATION_FORMAT = dwarf;
				ENABLE_STRICT_OBJC_MSGSEND = YES;
				ENABLE_TESTABILITY = YES;
				GCC_C_LANGUAGE_STANDARD = gnu11;
				GCC_DYNAMIC_NO_PIC = NO;
				GCC_NO_COMMON_BLOCKS = YES;
				GCC_OPTIMIZATION_LEVEL = 0;
				GCC_PREPROCESSOR_DEFINITIONS = (
					"DEBUG=1",
					"$(inherited)",
				);
				GCC_WARN_64_TO_32_BIT_CONVERSION = YES;
				GCC_WARN_ABOUT_RETURN_TYPE = YES_ERROR;
				GCC_WARN_UNDECLARED_SELECTOR = YES;
				GCC_WARN_UNINITIALIZED_AUTOS = YES_AGGRESSIVE;
				GCC_WARN_UNUSED_FUNCTION = YES;
				GCC_WARN_UNUSED_VARIABLE = YES;
				IPHONEOS_DEPLOYMENT_TARGET = 13.2;
				MTL_ENABLE_DEBUG_INFO = INCLUDE_SOURCE;
				MTL_FAST_MATH = YES;
				ONLY_ACTIVE_ARCH = YES;
				SDKROOT = iphoneos;
				SWIFT_ACTIVE_COMPILATION_CONDITIONS = DEBUG;
				SWIFT_OPTIMIZATION_LEVEL = "-Onone";
			};
			name = Debug;
		};
		B540E48D23FC166B00743EB9 /* Release */ = {
			isa = XCBuildConfiguration;
			buildSettings = {
				ALWAYS_SEARCH_USER_PATHS = NO;
				CLANG_ANALYZER_NONNULL = YES;
				CLANG_ANALYZER_NUMBER_OBJECT_CONVERSION = YES_AGGRESSIVE;
				CLANG_CXX_LANGUAGE_STANDARD = "gnu++14";
				CLANG_CXX_LIBRARY = "libc++";
				CLANG_ENABLE_MODULES = YES;
				CLANG_ENABLE_OBJC_ARC = YES;
				CLANG_ENABLE_OBJC_WEAK = YES;
				CLANG_WARN_BLOCK_CAPTURE_AUTORELEASING = YES;
				CLANG_WARN_BOOL_CONVERSION = YES;
				CLANG_WARN_COMMA = YES;
				CLANG_WARN_CONSTANT_CONVERSION = YES;
				CLANG_WARN_DEPRECATED_OBJC_IMPLEMENTATIONS = YES;
				CLANG_WARN_DIRECT_OBJC_ISA_USAGE = YES_ERROR;
				CLANG_WARN_DOCUMENTATION_COMMENTS = YES;
				CLANG_WARN_EMPTY_BODY = YES;
				CLANG_WARN_ENUM_CONVERSION = YES;
				CLANG_WARN_INFINITE_RECURSION = YES;
				CLANG_WARN_INT_CONVERSION = YES;
				CLANG_WARN_NON_LITERAL_NULL_CONVERSION = YES;
				CLANG_WARN_OBJC_IMPLICIT_RETAIN_SELF = YES;
				CLANG_WARN_OBJC_LITERAL_CONVERSION = YES;
				CLANG_WARN_OBJC_ROOT_CLASS = YES_ERROR;
				CLANG_WARN_RANGE_LOOP_ANALYSIS = YES;
				CLANG_WARN_STRICT_PROTOTYPES = YES;
				CLANG_WARN_SUSPICIOUS_MOVE = YES;
				CLANG_WARN_UNGUARDED_AVAILABILITY = YES_AGGRESSIVE;
				CLANG_WARN_UNREACHABLE_CODE = YES;
				CLANG_WARN__DUPLICATE_METHOD_MATCH = YES;
				COPY_PHASE_STRIP = NO;
				DEBUG_INFORMATION_FORMAT = "dwarf-with-dsym";
				ENABLE_NS_ASSERTIONS = NO;
				ENABLE_STRICT_OBJC_MSGSEND = YES;
				GCC_C_LANGUAGE_STANDARD = gnu11;
				GCC_NO_COMMON_BLOCKS = YES;
				GCC_WARN_64_TO_32_BIT_CONVERSION = YES;
				GCC_WARN_ABOUT_RETURN_TYPE = YES_ERROR;
				GCC_WARN_UNDECLARED_SELECTOR = YES;
				GCC_WARN_UNINITIALIZED_AUTOS = YES_AGGRESSIVE;
				GCC_WARN_UNUSED_FUNCTION = YES;
				GCC_WARN_UNUSED_VARIABLE = YES;
				IPHONEOS_DEPLOYMENT_TARGET = 13.2;
				MTL_ENABLE_DEBUG_INFO = NO;
				MTL_FAST_MATH = YES;
				SDKROOT = iphoneos;
				SWIFT_COMPILATION_MODE = wholemodule;
				SWIFT_OPTIMIZATION_LEVEL = "-O";
				VALIDATE_PRODUCT = YES;
			};
			name = Release;
		};
		B540E48F23FC166B00743EB9 /* Debug */ = {
			isa = XCBuildConfiguration;
			baseConfigurationReference = 0AD708BE455A37F6F40294E8 /* Pods-KinoScope.debug.xcconfig */;
			buildSettings = {
				ASSETCATALOG_COMPILER_APPICON_NAME = AppIcon;
				CODE_SIGN_STYLE = Automatic;
				DEVELOPMENT_ASSET_PATHS = "\"KinoScope/Preview Content\"";
				DEVELOPMENT_TEAM = ESBVLK43Z5;
				ENABLE_PREVIEWS = YES;
				INFOPLIST_FILE = KinoScope/Info.plist;
				LD_RUNPATH_SEARCH_PATHS = (
					"$(inherited)",
					"@executable_path/Frameworks",
				);
				PRODUCT_BUNDLE_IDENTIFIER = tlon.KinoScope;
				PRODUCT_NAME = "$(TARGET_NAME)";
				SWIFT_VERSION = 5.0;
				TARGETED_DEVICE_FAMILY = "1,2";
			};
			name = Debug;
		};
		B540E49023FC166B00743EB9 /* Release */ = {
			isa = XCBuildConfiguration;
			baseConfigurationReference = B965995DC6384D3D03B2B785 /* Pods-KinoScope.release.xcconfig */;
			buildSettings = {
				ASSETCATALOG_COMPILER_APPICON_NAME = AppIcon;
				CODE_SIGN_STYLE = Automatic;
				DEVELOPMENT_ASSET_PATHS = "\"KinoScope/Preview Content\"";
				DEVELOPMENT_TEAM = ESBVLK43Z5;
				ENABLE_PREVIEWS = YES;
				INFOPLIST_FILE = KinoScope/Info.plist;
				LD_RUNPATH_SEARCH_PATHS = (
					"$(inherited)",
					"@executable_path/Frameworks",
				);
				PRODUCT_BUNDLE_IDENTIFIER = tlon.KinoScope;
				PRODUCT_NAME = "$(TARGET_NAME)";
				SWIFT_VERSION = 5.0;
				TARGETED_DEVICE_FAMILY = "1,2";
			};
			name = Release;
		};
/* End XCBuildConfiguration section */

/* Begin XCConfigurationList section */
		B540E47523FC166900743EB9 /* Build configuration list for PBXProject "KinoScope" */ = {
			isa = XCConfigurationList;
			buildConfigurations = (
				B540E48C23FC166B00743EB9 /* Debug */,
				B540E48D23FC166B00743EB9 /* Release */,
			);
			defaultConfigurationIsVisible = 0;
			defaultConfigurationName = Release;
		};
		B540E48E23FC166B00743EB9 /* Build configuration list for PBXNativeTarget "KinoScope" */ = {
			isa = XCConfigurationList;
			buildConfigurations = (
				B540E48F23FC166B00743EB9 /* Debug */,
				B540E49023FC166B00743EB9 /* Release */,
			);
			defaultConfigurationIsVisible = 0;
			defaultConfigurationName = Release;
		};
/* End XCConfigurationList section */
	};
	rootObject = B540E47223FC166900743EB9 /* Project object */;
}
